
Microsoft Visual Studio Solution File, Format Version 12.00
# Visual Studio Version 16
VisualStudioVersion = 16.0.31229.75
MinimumVisualStudioVersion = 10.0.40219.1
Project("{FAE04EC0-301F-11D3-BF4B-00C04F79EFBC}") = "BookStore", "BookStore.csproj", "{34F9DD0D-5A96-484D-BDBF-2F9EB5EA1EC0}"
EndProject
Global
	GlobalSection(SolutionConfigurationPlatforms) = preSolution
		Debug|Any CPU = Debug|Any CPU
		Release|Any CPU = Release|Any CPU
	EndGlobalSection
	GlobalSection(ProjectConfigurationPlatforms) = postSolution
		{34F9DD0D-5A96-484D-BDBF-2F9EB5EA1EC0}.Debug|Any CPU.ActiveCfg = Debug|Any CPU
		{34F9DD0D-5A96-484D-BDBF-2F9EB5EA1EC0}.Debug|Any CPU.Build.0 = Debug|Any CPU
		{34F9DD0D-5A96-484D-BDBF-2F9EB5EA1EC0}.Release|Any CPU.ActiveCfg = Release|Any CPU
		{34F9DD0D-5A96-484D-BDBF-2F9EB5EA1EC0}.Release|Any CPU.Build.0 = Release|Any CPU
	EndGlobalSection
	GlobalSection(SolutionProperties) = preSolution
		HideSolutionNode = FALSE
	EndGlobalSection
	GlobalSection(ExtensibilityGlobals) = postSolution
		SolutionGuid = {02B9F599-BC48-46B8-B882-0BF0FE92FC32}
	EndGlobalSection
EndGlobal
